{
  "originHash" : "1f2ac65251984460cc2c4397ccf0495896aab866fafb744c6aad6713a385de4f",
  "pins" : [
    {
      "identity" : "euclid",
      "kind" : "remoteSourceControl",
      "location" : "git@github.com:nicklockwood/Euclid.git",
      "state" : {
        "branch" : "main",
        "revision" : "0409eab36ce4e726e5c66f8885500fb97b030994"
      }
    }
  ],
  "version" : 3
}
