{
  "object": {
    "pins": [
      {
        "package": "Euclid",
        "repositoryURL": "https://github.com/zilmarinen/Euclid.git",
        "state": {
          "branch": "feature/vertex_color_component",
          "revision": "bac39ac4ec2c7432484cc14a6612a54b10aab252",
          "version": null
        }
      },
      {
        "package": "PeakOperation",
        "repositoryURL": "git@github.com:3Squared/PeakOperation.git",
        "state": {
          "branch": "develop",
          "revision": "35811e5f3dc539a185601c6b3d54e0a9f9481cb1",
          "version": null
        }
      }
    ]
  },
  "version": 1
}
