// !$*UTF8*$!
{
	archiveVersion = 1;
	classes = {
	};
	objectVersion = 55;
	objects = {

/* Begin PBXBuildFile section */
		189F0EB4271B1B680077B81D /* Tileset.swift in Sources */ = {isa = PBXBuildFile; fileRef = 189F0EB3271B1B680077B81D /* Tileset.swift */; };
		18D31AD42719C9F5006312BF /* ToolView.swift in Sources */ = {isa = PBXBuildFile; fileRef = 18D31AD32719C9F5006312BF /* ToolView.swift */; };
		18D31AD62719C9FC006312BF /* EditorView.swift in Sources */ = {isa = PBXBuildFile; fileRef = 18D31AD52719C9FC006312BF /* EditorView.swift */; };
		18D31ADB2719CC74006312BF /* ToolPropertyGroup.swift in Sources */ = {isa = PBXBuildFile; fileRef = 18D31AD82719CC74006312BF /* ToolPropertyGroup.swift */; };
		18D31ADC2719CC74006312BF /* ToolPropertySection.swift in Sources */ = {isa = PBXBuildFile; fileRef = 18D31AD92719CC74006312BF /* ToolPropertySection.swift */; };
		18D31ADD2719CC74006312BF /* ToolPropertyView.swift in Sources */ = {isa = PBXBuildFile; fileRef = 18D31ADA2719CC74006312BF /* ToolPropertyView.swift */; };
		18D31AE02719CCB3006312BF /* ToolPropertyGroupModel.swift in Sources */ = {isa = PBXBuildFile; fileRef = 18D31ADF2719CCB3006312BF /* ToolPropertyGroupModel.swift */; };
		18D31AE32719CCD6006312BF /* BadgeModel.swift in Sources */ = {isa = PBXBuildFile; fileRef = 18D31AE22719CCD6006312BF /* BadgeModel.swift */; };
		18D31AE62719CCE0006312BF /* BadgeView.swift in Sources */ = {isa = PBXBuildFile; fileRef = 18D31AE52719CCE0006312BF /* BadgeView.swift */; };
		18EC26292719BFDE00049C13 /* YieldApp.swift in Sources */ = {isa = PBXBuildFile; fileRef = 18EC26282719BFDE00049C13 /* YieldApp.swift */; };
		18EC262B2719BFDE00049C13 /* Document.swift in Sources */ = {isa = PBXBuildFile; fileRef = 18EC262A2719BFDE00049C13 /* Document.swift */; };
		18EC262D2719BFDF00049C13 /* AppView.swift in Sources */ = {isa = PBXBuildFile; fileRef = 18EC262C2719BFDF00049C13 /* AppView.swift */; };
		18EC262F2719BFE000049C13 /* Assets.xcassets in Resources */ = {isa = PBXBuildFile; fileRef = 18EC262E2719BFE000049C13 /* Assets.xcassets */; };
		18EC26322719BFE000049C13 /* Preview Assets.xcassets in Resources */ = {isa = PBXBuildFile; fileRef = 18EC26312719BFE000049C13 /* Preview Assets.xcassets */; };
		18EC263D2719C05C00049C13 /* AppViewModel.swift in Sources */ = {isa = PBXBuildFile; fileRef = 18EC263C2719C05C00049C13 /* AppViewModel.swift */; };
/* End PBXBuildFile section */

/* Begin PBXFileReference section */
		189F0EB3271B1B680077B81D /* Tileset.swift */ = {isa = PBXFileReference; lastKnownFileType = sourcecode.swift; path = Tileset.swift; sourceTree = "<group>"; };
		18D31AD32719C9F5006312BF /* ToolView.swift */ = {isa = PBXFileReference; lastKnownFileType = sourcecode.swift; path = ToolView.swift; sourceTree = "<group>"; };
		18D31AD52719C9FC006312BF /* EditorView.swift */ = {isa = PBXFileReference; lastKnownFileType = sourcecode.swift; path = EditorView.swift; sourceTree = "<group>"; };
		18D31AD82719CC74006312BF /* ToolPropertyGroup.swift */ = {isa = PBXFileReference; fileEncoding = 4; lastKnownFileType = sourcecode.swift; path = ToolPropertyGroup.swift; sourceTree = "<group>"; };
		18D31AD92719CC74006312BF /* ToolPropertySection.swift */ = {isa = PBXFileReference; fileEncoding = 4; lastKnownFileType = sourcecode.swift; path = ToolPropertySection.swift; sourceTree = "<group>"; };
		18D31ADA2719CC74006312BF /* ToolPropertyView.swift */ = {isa = PBXFileReference; fileEncoding = 4; lastKnownFileType = sourcecode.swift; path = ToolPropertyView.swift; sourceTree = "<group>"; };
		18D31ADF2719CCB3006312BF /* ToolPropertyGroupModel.swift */ = {isa = PBXFileReference; fileEncoding = 4; lastKnownFileType = sourcecode.swift; path = ToolPropertyGroupModel.swift; sourceTree = "<group>"; };
		18D31AE22719CCD6006312BF /* BadgeModel.swift */ = {isa = PBXFileReference; fileEncoding = 4; lastKnownFileType = sourcecode.swift; path = BadgeModel.swift; sourceTree = "<group>"; };
		18D31AE52719CCE0006312BF /* BadgeView.swift */ = {isa = PBXFileReference; fileEncoding = 4; lastKnownFileType = sourcecode.swift; path = BadgeView.swift; sourceTree = "<group>"; };
		18EC26252719BFDE00049C13 /* Yield.app */ = {isa = PBXFileReference; explicitFileType = wrapper.application; includeInIndex = 0; path = Yield.app; sourceTree = BUILT_PRODUCTS_DIR; };
		18EC26282719BFDE00049C13 /* YieldApp.swift */ = {isa = PBXFileReference; lastKnownFileType = sourcecode.swift; path = YieldApp.swift; sourceTree = "<group>"; };
		18EC262A2719BFDE00049C13 /* Document.swift */ = {isa = PBXFileReference; lastKnownFileType = sourcecode.swift; path = Document.swift; sourceTree = "<group>"; };
		18EC262C2719BFDF00049C13 /* AppView.swift */ = {isa = PBXFileReference; lastKnownFileType = sourcecode.swift; path = AppView.swift; sourceTree = "<group>"; };
		18EC262E2719BFE000049C13 /* Assets.xcassets */ = {isa = PBXFileReference; lastKnownFileType = folder.assetcatalog; path = Assets.xcassets; sourceTree = "<group>"; };
		18EC26312719BFE000049C13 /* Preview Assets.xcassets */ = {isa = PBXFileReference; lastKnownFileType = folder.assetcatalog; path = "Preview Assets.xcassets"; sourceTree = "<group>"; };
		18EC26332719BFE000049C13 /* Info.plist */ = {isa = PBXFileReference; lastKnownFileType = text.plist.xml; path = Info.plist; sourceTree = "<group>"; };
		18EC26342719BFE000049C13 /* Yield.entitlements */ = {isa = PBXFileReference; lastKnownFileType = text.plist.entitlements; path = Yield.entitlements; sourceTree = "<group>"; };
		18EC263C2719C05C00049C13 /* AppViewModel.swift */ = {isa = PBXFileReference; lastKnownFileType = sourcecode.swift; path = AppViewModel.swift; sourceTree = "<group>"; };
/* End PBXFileReference section */

/* Begin PBXFrameworksBuildPhase section */
		18EC26222719BFDE00049C13 /* Frameworks */ = {
			isa = PBXFrameworksBuildPhase;
			buildActionMask = 2147483647;
			files = (
			);
			runOnlyForDeploymentPostprocessing = 0;
		};
/* End PBXFrameworksBuildPhase section */

/* Begin PBXGroup section */
		189F0EB2271B1B550077B81D /* Tileset */ = {
			isa = PBXGroup;
			children = (
				189F0EB3271B1B680077B81D /* Tileset.swift */,
			);
			path = Tileset;
			sourceTree = "<group>";
		};
		18D31AD72719CC74006312BF /* Tool Properties */ = {
			isa = PBXGroup;
			children = (
				18D31AD82719CC74006312BF /* ToolPropertyGroup.swift */,
				18D31AD92719CC74006312BF /* ToolPropertySection.swift */,
				18D31ADA2719CC74006312BF /* ToolPropertyView.swift */,
			);
			path = "Tool Properties";
			sourceTree = "<group>";
		};
		18D31ADE2719CCAB006312BF /* Tools */ = {
			isa = PBXGroup;
			children = (
				18D31ADF2719CCB3006312BF /* ToolPropertyGroupModel.swift */,
			);
			path = Tools;
			sourceTree = "<group>";
		};
		18D31AE12719CCD6006312BF /* Badge */ = {
			isa = PBXGroup;
			children = (
				18D31AE22719CCD6006312BF /* BadgeModel.swift */,
			);
			path = Badge;
			sourceTree = "<group>";
		};
		18D31AE42719CCE0006312BF /* Badge */ = {
			isa = PBXGroup;
			children = (
				18D31AE52719CCE0006312BF /* BadgeView.swift */,
			);
			path = Badge;
			sourceTree = "<group>";
		};
		18EC261C2719BFDE00049C13 = {
			isa = PBXGroup;
			children = (
				18EC26272719BFDE00049C13 /* Yield */,
				18EC26262719BFDE00049C13 /* Products */,
			);
			sourceTree = "<group>";
		};
		18EC26262719BFDE00049C13 /* Products */ = {
			isa = PBXGroup;
			children = (
				18EC26252719BFDE00049C13 /* Yield.app */,
			);
			name = Products;
			sourceTree = "<group>";
		};
		18EC26272719BFDE00049C13 /* Yield */ = {
			isa = PBXGroup;
			children = (
				189F0EB2271B1B550077B81D /* Tileset */,
				18EC263B2719BFEA00049C13 /* View Models */,
				18EC263A2719BFE600049C13 /* Views */,
				18EC26282719BFDE00049C13 /* YieldApp.swift */,
				18EC262A2719BFDE00049C13 /* Document.swift */,
				18EC262E2719BFE000049C13 /* Assets.xcassets */,
				18EC26332719BFE000049C13 /* Info.plist */,
				18EC26342719BFE000049C13 /* Yield.entitlements */,
				18EC26302719BFE000049C13 /* Preview Content */,
			);
			path = Yield;
			sourceTree = "<group>";
		};
		18EC26302719BFE000049C13 /* Preview Content */ = {
			isa = PBXGroup;
			children = (
				18EC26312719BFE000049C13 /* Preview Assets.xcassets */,
			);
			path = "Preview Content";
			sourceTree = "<group>";
		};
		18EC263A2719BFE600049C13 /* Views */ = {
			isa = PBXGroup;
			children = (
				18D31AE42719CCE0006312BF /* Badge */,
				18D31AD72719CC74006312BF /* Tool Properties */,
				18EC262C2719BFDF00049C13 /* AppView.swift */,
				18D31AD52719C9FC006312BF /* EditorView.swift */,
				18D31AD32719C9F5006312BF /* ToolView.swift */,
			);
			path = Views;
			sourceTree = "<group>";
		};
		18EC263B2719BFEA00049C13 /* View Models */ = {
			isa = PBXGroup;
			children = (
				18D31AE12719CCD6006312BF /* Badge */,
				18D31ADE2719CCAB006312BF /* Tools */,
				18EC263C2719C05C00049C13 /* AppViewModel.swift */,
			);
			path = "View Models";
			sourceTree = "<group>";
		};
/* End PBXGroup section */

/* Begin PBXNativeTarget section */
		18EC26242719BFDE00049C13 /* Yield */ = {
			isa = PBXNativeTarget;
			buildConfigurationList = 18EC26372719BFE000049C13 /* Build configuration list for PBXNativeTarget "Yield" */;
			buildPhases = (
				18EC26212719BFDE00049C13 /* Sources */,
				18EC26222719BFDE00049C13 /* Frameworks */,
				18EC26232719BFDE00049C13 /* Resources */,
			);
			buildRules = (
			);
			dependencies = (
			);
			name = Yield;
			productName = Yield;
			productReference = 18EC26252719BFDE00049C13 /* Yield.app */;
			productType = "com.apple.product-type.application";
		};
/* End PBXNativeTarget section */

/* Begin PBXProject section */
		18EC261D2719BFDE00049C13 /* Project object */ = {
			isa = PBXProject;
			attributes = {
				BuildIndependentTargetsInParallel = 1;
				LastSwiftUpdateCheck = 1300;
				LastUpgradeCheck = 1300;
				TargetAttributes = {
					18EC26242719BFDE00049C13 = {
						CreatedOnToolsVersion = 13.0;
					};
				};
			};
			buildConfigurationList = 18EC26202719BFDE00049C13 /* Build configuration list for PBXProject "Yield" */;
			compatibilityVersion = "Xcode 13.0";
			developmentRegion = en;
			hasScannedForEncodings = 0;
			knownRegions = (
				en,
				Base,
			);
			mainGroup = 18EC261C2719BFDE00049C13;
			productRefGroup = 18EC26262719BFDE00049C13 /* Products */;
			projectDirPath = "";
			projectRoot = "";
			targets = (
				18EC26242719BFDE00049C13 /* Yield */,
			);
		};
/* End PBXProject section */

/* Begin PBXResourcesBuildPhase section */
		18EC26232719BFDE00049C13 /* Resources */ = {
			isa = PBXResourcesBuildPhase;
			buildActionMask = 2147483647;
			files = (
				18EC26322719BFE000049C13 /* Preview Assets.xcassets in Resources */,
				18EC262F2719BFE000049C13 /* Assets.xcassets in Resources */,
			);
			runOnlyForDeploymentPostprocessing = 0;
		};
/* End PBXResourcesBuildPhase section */

/* Begin PBXSourcesBuildPhase section */
		18EC26212719BFDE00049C13 /* Sources */ = {
			isa = PBXSourcesBuildPhase;
			buildActionMask = 2147483647;
			files = (
				18D31AE62719CCE0006312BF /* BadgeView.swift in Sources */,
				18D31ADD2719CC74006312BF /* ToolPropertyView.swift in Sources */,
				18EC262B2719BFDE00049C13 /* Document.swift in Sources */,
				18D31AE02719CCB3006312BF /* ToolPropertyGroupModel.swift in Sources */,
				189F0EB4271B1B680077B81D /* Tileset.swift in Sources */,
				18EC26292719BFDE00049C13 /* YieldApp.swift in Sources */,
				18D31AD42719C9F5006312BF /* ToolView.swift in Sources */,
				18D31AD62719C9FC006312BF /* EditorView.swift in Sources */,
				18D31AE32719CCD6006312BF /* BadgeModel.swift in Sources */,
				18D31ADC2719CC74006312BF /* ToolPropertySection.swift in Sources */,
				18D31ADB2719CC74006312BF /* ToolPropertyGroup.swift in Sources */,
				18EC263D2719C05C00049C13 /* AppViewModel.swift in Sources */,
				18EC262D2719BFDF00049C13 /* AppView.swift in Sources */,
			);
			runOnlyForDeploymentPostprocessing = 0;
		};
/* End PBXSourcesBuildPhase section */

/* Begin XCBuildConfiguration section */
		18EC26352719BFE000049C13 /* Debug */ = {
			isa = XCBuildConfiguration;
			buildSettings = {
				ALWAYS_SEARCH_USER_PATHS = NO;
				CLANG_ANALYZER_NONNULL = YES;
				CLANG_ANALYZER_NUMBER_OBJECT_CONVERSION = YES_AGGRESSIVE;
				CLANG_CXX_LANGUAGE_STANDARD = "gnu++17";
				CLANG_CXX_LIBRARY = "libc++";
				CLANG_ENABLE_MODULES = YES;
				CLANG_ENABLE_OBJC_ARC = YES;
				CLANG_ENABLE_OBJC_WEAK = YES;
				CLANG_WARN_BLOCK_CAPTURE_AUTORELEASING = YES;
				CLANG_WARN_BOOL_CONVERSION = YES;
				CLANG_WARN_COMMA = YES;
				CLANG_WARN_CONSTANT_CONVERSION = YES;
				CLANG_WARN_DEPRECATED_OBJC_IMPLEMENTATIONS = YES;
				CLANG_WARN_DIRECT_OBJC_ISA_USAGE = YES_ERROR;
				CLANG_WARN_DOCUMENTATION_COMMENTS = YES;
				CLANG_WARN_EMPTY_BODY = YES;
				CLANG_WARN_ENUM_CONVERSION = YES;
				CLANG_WARN_INFINITE_RECURSION = YES;
				CLANG_WARN_INT_CONVERSION = YES;
				CLANG_WARN_NON_LITERAL_NULL_CONVERSION = YES;
				CLANG_WARN_OBJC_IMPLICIT_RETAIN_SELF = YES;
				CLANG_WARN_OBJC_LITERAL_CONVERSION = YES;
				CLANG_WARN_OBJC_ROOT_CLASS = YES_ERROR;
				CLANG_WARN_QUOTED_INCLUDE_IN_FRAMEWORK_HEADER = YES;
				CLANG_WARN_RANGE_LOOP_ANALYSIS = YES;
				CLANG_WARN_STRICT_PROTOTYPES = YES;
				CLANG_WARN_SUSPICIOUS_MOVE = YES;
				CLANG_WARN_UNGUARDED_AVAILABILITY = YES_AGGRESSIVE;
				CLANG_WARN_UNREACHABLE_CODE = YES;
				CLANG_WARN__DUPLICATE_METHOD_MATCH = YES;
				COPY_PHASE_STRIP = NO;
				DEBUG_INFORMATION_FORMAT = dwarf;
				ENABLE_STRICT_OBJC_MSGSEND = YES;
				ENABLE_TESTABILITY = YES;
				GCC_C_LANGUAGE_STANDARD = gnu11;
				GCC_DYNAMIC_NO_PIC = NO;
				GCC_NO_COMMON_BLOCKS = YES;
				GCC_OPTIMIZATION_LEVEL = 0;
				GCC_PREPROCESSOR_DEFINITIONS = (
					"DEBUG=1",
					"$(inherited)",
				);
				GCC_WARN_64_TO_32_BIT_CONVERSION = YES;
				GCC_WARN_ABOUT_RETURN_TYPE = YES_ERROR;
				GCC_WARN_UNDECLARED_SELECTOR = YES;
				GCC_WARN_UNINITIALIZED_AUTOS = YES_AGGRESSIVE;
				GCC_WARN_UNUSED_FUNCTION = YES;
				GCC_WARN_UNUSED_VARIABLE = YES;
				MACOSX_DEPLOYMENT_TARGET = 11.3;
				MTL_ENABLE_DEBUG_INFO = INCLUDE_SOURCE;
				MTL_FAST_MATH = YES;
				ONLY_ACTIVE_ARCH = YES;
				SDKROOT = macosx;
				SWIFT_ACTIVE_COMPILATION_CONDITIONS = DEBUG;
				SWIFT_OPTIMIZATION_LEVEL = "-Onone";
			};
			name = Debug;
		};
		18EC26362719BFE000049C13 /* Release */ = {
			isa = XCBuildConfiguration;
			buildSettings = {
				ALWAYS_SEARCH_USER_PATHS = NO;
				CLANG_ANALYZER_NONNULL = YES;
				CLANG_ANALYZER_NUMBER_OBJECT_CONVERSION = YES_AGGRESSIVE;
				CLANG_CXX_LANGUAGE_STANDARD = "gnu++17";
				CLANG_CXX_LIBRARY = "libc++";
				CLANG_ENABLE_MODULES = YES;
				CLANG_ENABLE_OBJC_ARC = YES;
				CLANG_ENABLE_OBJC_WEAK = YES;
				CLANG_WARN_BLOCK_CAPTURE_AUTORELEASING = YES;
				CLANG_WARN_BOOL_CONVERSION = YES;
				CLANG_WARN_COMMA = YES;
				CLANG_WARN_CONSTANT_CONVERSION = YES;
				CLANG_WARN_DEPRECATED_OBJC_IMPLEMENTATIONS = YES;
				CLANG_WARN_DIRECT_OBJC_ISA_USAGE = YES_ERROR;
				CLANG_WARN_DOCUMENTATION_COMMENTS = YES;
				CLANG_WARN_EMPTY_BODY = YES;
				CLANG_WARN_ENUM_CONVERSION = YES;
				CLANG_WARN_INFINITE_RECURSION = YES;
				CLANG_WARN_INT_CONVERSION = YES;
				CLANG_WARN_NON_LITERAL_NULL_CONVERSION = YES;
				CLANG_WARN_OBJC_IMPLICIT_RETAIN_SELF = YES;
				CLANG_WARN_OBJC_LITERAL_CONVERSION = YES;
				CLANG_WARN_OBJC_ROOT_CLASS = YES_ERROR;
				CLANG_WARN_QUOTED_INCLUDE_IN_FRAMEWORK_HEADER = YES;
				CLANG_WARN_RANGE_LOOP_ANALYSIS = YES;
				CLANG_WARN_STRICT_PROTOTYPES = YES;
				CLANG_WARN_SUSPICIOUS_MOVE = YES;
				CLANG_WARN_UNGUARDED_AVAILABILITY = YES_AGGRESSIVE;
				CLANG_WARN_UNREACHABLE_CODE = YES;
				CLANG_WARN__DUPLICATE_METHOD_MATCH = YES;
				COPY_PHASE_STRIP = NO;
				DEBUG_INFORMATION_FORMAT = "dwarf-with-dsym";
				ENABLE_NS_ASSERTIONS = NO;
				ENABLE_STRICT_OBJC_MSGSEND = YES;
				GCC_C_LANGUAGE_STANDARD = gnu11;
				GCC_NO_COMMON_BLOCKS = YES;
				GCC_WARN_64_TO_32_BIT_CONVERSION = YES;
				GCC_WARN_ABOUT_RETURN_TYPE = YES_ERROR;
				GCC_WARN_UNDECLARED_SELECTOR = YES;
				GCC_WARN_UNINITIALIZED_AUTOS = YES_AGGRESSIVE;
				GCC_WARN_UNUSED_FUNCTION = YES;
				GCC_WARN_UNUSED_VARIABLE = YES;
				MACOSX_DEPLOYMENT_TARGET = 11.3;
				MTL_ENABLE_DEBUG_INFO = NO;
				MTL_FAST_MATH = YES;
				SDKROOT = macosx;
				SWIFT_COMPILATION_MODE = wholemodule;
				SWIFT_OPTIMIZATION_LEVEL = "-O";
			};
			name = Release;
		};
		18EC26382719BFE000049C13 /* Debug */ = {
			isa = XCBuildConfiguration;
			buildSettings = {
				ASSETCATALOG_COMPILER_APPICON_NAME = AppIcon;
				ASSETCATALOG_COMPILER_GLOBAL_ACCENT_COLOR_NAME = AccentColor;
				CODE_SIGN_ENTITLEMENTS = Yield/Yield.entitlements;
				CODE_SIGN_STYLE = Automatic;
				COMBINE_HIDPI_IMAGES = YES;
				CURRENT_PROJECT_VERSION = 1;
				DEVELOPMENT_ASSET_PATHS = "\"Yield/Preview Content\"";
				ENABLE_PREVIEWS = YES;
				GENERATE_INFOPLIST_FILE = YES;
				INFOPLIST_FILE = Yield/Info.plist;
				INFOPLIST_KEY_NSHumanReadableCopyright = "";
				LD_RUNPATH_SEARCH_PATHS = (
					"$(inherited)",
					"@executable_path/../Frameworks",
				);
				MACOSX_DEPLOYMENT_TARGET = 11.0;
				MARKETING_VERSION = 1.0;
				PRODUCT_BUNDLE_IDENTIFIER = com.so.Yield;
				PRODUCT_NAME = "$(TARGET_NAME)";
				SWIFT_EMIT_LOC_STRINGS = YES;
				SWIFT_VERSION = 5.0;
			};
			name = Debug;
		};
		18EC26392719BFE000049C13 /* Release */ = {
			isa = XCBuildConfiguration;
			buildSettings = {
				ASSETCATALOG_COMPILER_APPICON_NAME = AppIcon;
				ASSETCATALOG_COMPILER_GLOBAL_ACCENT_COLOR_NAME = AccentColor;
				CODE_SIGN_ENTITLEMENTS = Yield/Yield.entitlements;
				CODE_SIGN_STYLE = Automatic;
				COMBINE_HIDPI_IMAGES = YES;
				CURRENT_PROJECT_VERSION = 1;
				DEVELOPMENT_ASSET_PATHS = "\"Yield/Preview Content\"";
				ENABLE_PREVIEWS = YES;
				GENERATE_INFOPLIST_FILE = YES;
				INFOPLIST_FILE = Yield/Info.plist;
				INFOPLIST_KEY_NSHumanReadableCopyright = "";
				LD_RUNPATH_SEARCH_PATHS = (
					"$(inherited)",
					"@executable_path/../Frameworks",
				);
				MACOSX_DEPLOYMENT_TARGET = 11.0;
				MARKETING_VERSION = 1.0;
				PRODUCT_BUNDLE_IDENTIFIER = com.so.Yield;
				PRODUCT_NAME = "$(TARGET_NAME)";
				SWIFT_EMIT_LOC_STRINGS = YES;
				SWIFT_VERSION = 5.0;
			};
			name = Release;
		};
/* End XCBuildConfiguration section */

/* Begin XCConfigurationList section */
		18EC26202719BFDE00049C13 /* Build configuration list for PBXProject "Yield" */ = {
			isa = XCConfigurationList;
			buildConfigurations = (
				18EC26352719BFE000049C13 /* Debug */,
				18EC26362719BFE000049C13 /* Release */,
			);
			defaultConfigurationIsVisible = 0;
			defaultConfigurationName = Release;
		};
		18EC26372719BFE000049C13 /* Build configuration list for PBXNativeTarget "Yield" */ = {
			isa = XCConfigurationList;
			buildConfigurations = (
				18EC26382719BFE000049C13 /* Debug */,
				18EC26392719BFE000049C13 /* Release */,
			);
			defaultConfigurationIsVisible = 0;
			defaultConfigurationName = Release;
		};
/* End XCConfigurationList section */
	};
	rootObject = 18EC261D2719BFDE00049C13 /* Project object */;
}
