// !$*UTF8*$!
{
	archiveVersion = 1;
	classes = {
	};
	objectVersion = 55;
	objects = {

/* Begin PBXBuildFile section */
		18184642273D103B0043BF26 /* Model.swift in Sources */ = {isa = PBXBuildFile; fileRef = 18184641273D103B0043BF26 /* Model.swift */; };
		18184643273D103B0043BF26 /* Model.swift in Sources */ = {isa = PBXBuildFile; fileRef = 18184641273D103B0043BF26 /* Model.swift */; };
		18184644273D10680043BF26 /* TilesetTile.swift in Sources */ = {isa = PBXBuildFile; fileRef = 182B4EFF272ED4E10081C6BF /* TilesetTile.swift */; };
		1827F1282725706F0030B099 /* Prototype.swift in Sources */ = {isa = PBXBuildFile; fileRef = 1827F1272725706F0030B099 /* Prototype.swift */; };
		1827F12A2725717B0030B099 /* MonoEdge.swift in Sources */ = {isa = PBXBuildFile; fileRef = 1827F1292725717B0030B099 /* MonoEdge.swift */; };
		182B4EF6272ED3FA0081C6BF /* MonoTilesetExportOperation.swift in Sources */ = {isa = PBXBuildFile; fileRef = 182B4EF5272ED3FA0081C6BF /* MonoTilesetExportOperation.swift */; };
		182B4EF8272ED4010081C6BF /* DuoTilesetExportOperation.swift in Sources */ = {isa = PBXBuildFile; fileRef = 182B4EF7272ED4010081C6BF /* DuoTilesetExportOperation.swift */; };
		182B4EFA272ED40A0081C6BF /* TriTilesetExportOperation.swift in Sources */ = {isa = PBXBuildFile; fileRef = 182B4EF9272ED40A0081C6BF /* TriTilesetExportOperation.swift */; };
		182B4EFC272ED4130081C6BF /* TetraTilesetExportOperation.swift in Sources */ = {isa = PBXBuildFile; fileRef = 182B4EFB272ED4130081C6BF /* TetraTilesetExportOperation.swift */; };
		182B4EFE272ED4A50081C6BF /* EditorTile.swift in Sources */ = {isa = PBXBuildFile; fileRef = 182B4EFD272ED4A50081C6BF /* EditorTile.swift */; };
		182B4F00272ED4E10081C6BF /* TilesetTile.swift in Sources */ = {isa = PBXBuildFile; fileRef = 182B4EFF272ED4E10081C6BF /* TilesetTile.swift */; };
		182B4F072731294C0081C6BF /* PrototypeTileExportOperation.swift in Sources */ = {isa = PBXBuildFile; fileRef = 182B4F062731294C0081C6BF /* PrototypeTileExportOperation.swift */; };
		182B4F0927312B7B0081C6BF /* DuoPlateau.swift in Sources */ = {isa = PBXBuildFile; fileRef = 182B4F0827312B7B0081C6BF /* DuoPlateau.swift */; };
		182B4F0B27328B020081C6BF /* TileType.swift in Sources */ = {isa = PBXBuildFile; fileRef = 182B4F0A27328B020081C6BF /* TileType.swift */; };
		182B4F0D273297980081C6BF /* SocketConfig.swift in Sources */ = {isa = PBXBuildFile; fileRef = 182B4F0C273297980081C6BF /* SocketConfig.swift */; };
		182B4F102732AAB30081C6BF /* SocketConfigView.swift in Sources */ = {isa = PBXBuildFile; fileRef = 182B4F0F2732AAB30081C6BF /* SocketConfigView.swift */; };
		182B4F122733CA410081C6BF /* SurfaceGrid.swift in Sources */ = {isa = PBXBuildFile; fileRef = 182B4F112733CA410081C6BF /* SurfaceGrid.swift */; };
		182B4F142733DD8E0081C6BF /* StraightLine.swift in Sources */ = {isa = PBXBuildFile; fileRef = 182B4F132733DD8E0081C6BF /* StraightLine.swift */; };
		182B4F162733DECF0081C6BF /* Inset.swift in Sources */ = {isa = PBXBuildFile; fileRef = 182B4F152733DECF0081C6BF /* Inset.swift */; };
		182BE626272ED0A0008A160F /* WriteOperation.swift in Sources */ = {isa = PBXBuildFile; fileRef = 182BE625272ED0A0008A160F /* WriteOperation.swift */; };
		182BE628272ED14F008A160F /* TilesetExportOperation.swift in Sources */ = {isa = PBXBuildFile; fileRef = 182BE627272ED14F008A160F /* TilesetExportOperation.swift */; };
		184D204627479B07005256A7 /* OrdinalPattern.swift in Sources */ = {isa = PBXBuildFile; fileRef = 184D204527479B07005256A7 /* OrdinalPattern.swift */; };
		184D204727479C78005256A7 /* OrdinalPattern.swift in Sources */ = {isa = PBXBuildFile; fileRef = 184D204527479B07005256A7 /* OrdinalPattern.swift */; };
		18643046271DACBB003575D4 /* Tile.swift in Sources */ = {isa = PBXBuildFile; fileRef = 18643045271DACBB003575D4 /* Tile.swift */; };
		18667D8927390E4400F13E4D /* ScallopedEdge.swift in Sources */ = {isa = PBXBuildFile; fileRef = 18667D8827390E4400F13E4D /* ScallopedEdge.swift */; };
		18667D91273A7B0400F13E4D /* TriEdge.swift in Sources */ = {isa = PBXBuildFile; fileRef = 18667D90273A7B0400F13E4D /* TriEdge.swift */; };
		18667D93273A7C8000F13E4D /* TetraPlateau.swift in Sources */ = {isa = PBXBuildFile; fileRef = 18667D92273A7C8000F13E4D /* TetraPlateau.swift */; };
		18667D95273A993600F13E4D /* AdjacentInnerCorner.swift in Sources */ = {isa = PBXBuildFile; fileRef = 18667D94273A993600F13E4D /* AdjacentInnerCorner.swift */; };
		18667D97273AB11400F13E4D /* AdjacentGroove.swift in Sources */ = {isa = PBXBuildFile; fileRef = 18667D96273AB11400F13E4D /* AdjacentGroove.swift */; };
		18667D9E273C087300F13E4D /* Quartz.framework in Frameworks */ = {isa = PBXBuildFile; fileRef = 18667D9D273C087300F13E4D /* Quartz.framework */; };
		18667DA1273C087300F13E4D /* PreviewViewController.swift in Sources */ = {isa = PBXBuildFile; fileRef = 18667DA0273C087300F13E4D /* PreviewViewController.swift */; };
		18667DA3273C087300F13E4D /* PreviewProvider.swift in Sources */ = {isa = PBXBuildFile; fileRef = 18667DA2273C087300F13E4D /* PreviewProvider.swift */; };
		18667DA6273C087300F13E4D /* PreviewViewController.xib in Resources */ = {isa = PBXBuildFile; fileRef = 18667DA4273C087300F13E4D /* PreviewViewController.xib */; };
		18667DAB273C087300F13E4D /* Yield Quick Look.appex in Embed App Extensions */ = {isa = PBXBuildFile; fileRef = 18667D9C273C087300F13E4D /* Yield Quick Look.appex */; settings = {ATTRIBUTES = (RemoveHeadersOnCopy, ); }; };
		18667DC2273C0A2600F13E4D /* EditorScene.swift in Sources */ = {isa = PBXBuildFile; fileRef = 18B1960B2726A06C00FBF50D /* EditorScene.swift */; };
		18667DC3273C0A3100F13E4D /* WireframeNode.swift in Sources */ = {isa = PBXBuildFile; fileRef = 186B7D55272D5E57001731C2 /* WireframeNode.swift */; };
		18667DC4273C0A3A00F13E4D /* SocketSet.swift in Sources */ = {isa = PBXBuildFile; fileRef = 18AE8C08272D778700E21E7F /* SocketSet.swift */; };
		18667DC5273C0A5500F13E4D /* SocketNode.swift in Sources */ = {isa = PBXBuildFile; fileRef = 186B7D57272D5E6E001731C2 /* SocketNode.swift */; };
		18667DC6273C0A8800F13E4D /* SurfaceMaterial.swift in Sources */ = {isa = PBXBuildFile; fileRef = 186B7D2F27298CE6001731C2 /* SurfaceMaterial.swift */; };
		18667DC7273C0A9500F13E4D /* Volume.swift in Sources */ = {isa = PBXBuildFile; fileRef = 186B7D3127298E8E001731C2 /* Volume.swift */; };
		18667DC8273C0A9D00F13E4D /* ColorPalette.swift in Sources */ = {isa = PBXBuildFile; fileRef = 186B7D3727299547001731C2 /* ColorPalette.swift */; };
		18667DC9273C0AA400F13E4D /* Inset.swift in Sources */ = {isa = PBXBuildFile; fileRef = 182B4F152733DECF0081C6BF /* Inset.swift */; };
		18667DCA273C0AAB00F13E4D /* SurfaceSockets.swift in Sources */ = {isa = PBXBuildFile; fileRef = 187213CD27214B3400FAC4E0 /* SurfaceSockets.swift */; };
		186B7D2D27298CBE001731C2 /* Surface.swift in Sources */ = {isa = PBXBuildFile; fileRef = 186B7D2C27298CBE001731C2 /* Surface.swift */; };
		186B7D3027298CE6001731C2 /* SurfaceMaterial.swift in Sources */ = {isa = PBXBuildFile; fileRef = 186B7D2F27298CE6001731C2 /* SurfaceMaterial.swift */; };
		186B7D3227298E8E001731C2 /* Volume.swift in Sources */ = {isa = PBXBuildFile; fileRef = 186B7D3127298E8E001731C2 /* Volume.swift */; };
		186B7D3827299547001731C2 /* ColorPalette.swift in Sources */ = {isa = PBXBuildFile; fileRef = 186B7D3727299547001731C2 /* ColorPalette.swift */; };
		186B7D3B272A7FC4001731C2 /* CornerBiscuit.swift in Sources */ = {isa = PBXBuildFile; fileRef = 186B7D3A272A7FC4001731C2 /* CornerBiscuit.swift */; };
		186B7D3D272A8295001731C2 /* WobblyLine.swift in Sources */ = {isa = PBXBuildFile; fileRef = 186B7D3C272A8295001731C2 /* WobblyLine.swift */; };
		186B7D3F272AAE3E001731C2 /* MonoInnerCorner.swift in Sources */ = {isa = PBXBuildFile; fileRef = 186B7D3E272AAE3E001731C2 /* MonoInnerCorner.swift */; };
		186B7D41272AAE5C001731C2 /* MonoOuterCorner.swift in Sources */ = {isa = PBXBuildFile; fileRef = 186B7D40272AAE5C001731C2 /* MonoOuterCorner.swift */; };
		186B7D43272AB0AC001731C2 /* BiscuitStyle.swift in Sources */ = {isa = PBXBuildFile; fileRef = 186B7D42272AB0AC001731C2 /* BiscuitStyle.swift */; };
		186B7D4A272ADBF0001731C2 /* PrototypeToolView.swift in Sources */ = {isa = PBXBuildFile; fileRef = 186B7D49272ADBF0001731C2 /* PrototypeToolView.swift */; };
		186B7D4C272AE33D001731C2 /* EdgeBiscuit.swift in Sources */ = {isa = PBXBuildFile; fileRef = 186B7D4B272AE33D001731C2 /* EdgeBiscuit.swift */; };
		186B7D4E272BDCB9001731C2 /* GrooveBiscuit.swift in Sources */ = {isa = PBXBuildFile; fileRef = 186B7D4D272BDCB9001731C2 /* GrooveBiscuit.swift */; };
		186B7D50272BDD1E001731C2 /* MonoGroove.swift in Sources */ = {isa = PBXBuildFile; fileRef = 186B7D4F272BDD1E001731C2 /* MonoGroove.swift */; };
		186B7D56272D5E57001731C2 /* WireframeNode.swift in Sources */ = {isa = PBXBuildFile; fileRef = 186B7D55272D5E57001731C2 /* WireframeNode.swift */; };
		186B7D58272D5E6E001731C2 /* SocketNode.swift in Sources */ = {isa = PBXBuildFile; fileRef = 186B7D57272D5E6E001731C2 /* SocketNode.swift */; };
		187213CC272149D500FAC4E0 /* EditorViewModel.swift in Sources */ = {isa = PBXBuildFile; fileRef = 187213CB272149D500FAC4E0 /* EditorViewModel.swift */; };
		187213CE27214B3400FAC4E0 /* SurfaceSockets.swift in Sources */ = {isa = PBXBuildFile; fileRef = 187213CD27214B3400FAC4E0 /* SurfaceSockets.swift */; };
		187213D027214BBC00FAC4E0 /* SocketView.swift in Sources */ = {isa = PBXBuildFile; fileRef = 187213CF27214BBC00FAC4E0 /* SocketView.swift */; };
		18808E292747955800A9B019 /* Harvest in Frameworks */ = {isa = PBXBuildFile; productRef = 18808E282747955800A9B019 /* Harvest */; };
		18808E2B2747956000A9B019 /* Harvest in Frameworks */ = {isa = PBXBuildFile; productRef = 18808E2A2747956000A9B019 /* Harvest */; };
		189F0EB4271B1B680077B81D /* Tileset.swift in Sources */ = {isa = PBXBuildFile; fileRef = 189F0EB3271B1B680077B81D /* Tileset.swift */; };
		18AE8C09272D778700E21E7F /* SocketSet.swift in Sources */ = {isa = PBXBuildFile; fileRef = 18AE8C08272D778700E21E7F /* SocketSet.swift */; };
		18B007AB27369DF000E2C905 /* TriGroove.swift in Sources */ = {isa = PBXBuildFile; fileRef = 18B007AA27369DF000E2C905 /* TriGroove.swift */; };
		18B007AD27369E0400E2C905 /* DuoInnerCorner.swift in Sources */ = {isa = PBXBuildFile; fileRef = 18B007AC27369E0400E2C905 /* DuoInnerCorner.swift */; };
		18B007AF27369E0C00E2C905 /* DuoOuterCorner.swift in Sources */ = {isa = PBXBuildFile; fileRef = 18B007AE27369E0C00E2C905 /* DuoOuterCorner.swift */; };
		18B007B12737E66C00E2C905 /* AdjacentEdge.swift in Sources */ = {isa = PBXBuildFile; fileRef = 18B007B02737E66C00E2C905 /* AdjacentEdge.swift */; };
		18B007B32737EBDF00E2C905 /* AdjacentOuterCorner.swift in Sources */ = {isa = PBXBuildFile; fileRef = 18B007B22737EBDF00E2C905 /* AdjacentOuterCorner.swift */; };
		18B1960927269A4200FBF50D /* MonoPlateau.swift in Sources */ = {isa = PBXBuildFile; fileRef = 18B1960827269A4200FBF50D /* MonoPlateau.swift */; };
		18B1960C2726A06C00FBF50D /* EditorScene.swift in Sources */ = {isa = PBXBuildFile; fileRef = 18B1960B2726A06C00FBF50D /* EditorScene.swift */; };
		18D31AD42719C9F5006312BF /* ToolView.swift in Sources */ = {isa = PBXBuildFile; fileRef = 18D31AD32719C9F5006312BF /* ToolView.swift */; };
		18D31AD62719C9FC006312BF /* EditorView.swift in Sources */ = {isa = PBXBuildFile; fileRef = 18D31AD52719C9FC006312BF /* EditorView.swift */; };
		18D31ADB2719CC74006312BF /* ToolPropertyGroup.swift in Sources */ = {isa = PBXBuildFile; fileRef = 18D31AD82719CC74006312BF /* ToolPropertyGroup.swift */; };
		18D31ADC2719CC74006312BF /* ToolPropertySection.swift in Sources */ = {isa = PBXBuildFile; fileRef = 18D31AD92719CC74006312BF /* ToolPropertySection.swift */; };
		18D31ADD2719CC74006312BF /* ToolPropertyView.swift in Sources */ = {isa = PBXBuildFile; fileRef = 18D31ADA2719CC74006312BF /* ToolPropertyView.swift */; };
		18D31AE02719CCB3006312BF /* ToolPropertyGroupModel.swift in Sources */ = {isa = PBXBuildFile; fileRef = 18D31ADF2719CCB3006312BF /* ToolPropertyGroupModel.swift */; };
		18D31AE32719CCD6006312BF /* BadgeModel.swift in Sources */ = {isa = PBXBuildFile; fileRef = 18D31AE22719CCD6006312BF /* BadgeModel.swift */; };
		18D31AE62719CCE0006312BF /* BadgeView.swift in Sources */ = {isa = PBXBuildFile; fileRef = 18D31AE52719CCE0006312BF /* BadgeView.swift */; };
		18EC26292719BFDE00049C13 /* YieldApp.swift in Sources */ = {isa = PBXBuildFile; fileRef = 18EC26282719BFDE00049C13 /* YieldApp.swift */; };
		18EC262D2719BFDF00049C13 /* AppView.swift in Sources */ = {isa = PBXBuildFile; fileRef = 18EC262C2719BFDF00049C13 /* AppView.swift */; };
		18EC262F2719BFE000049C13 /* Assets.xcassets in Resources */ = {isa = PBXBuildFile; fileRef = 18EC262E2719BFE000049C13 /* Assets.xcassets */; };
		18EC263D2719C05C00049C13 /* AppViewModel.swift in Sources */ = {isa = PBXBuildFile; fileRef = 18EC263C2719C05C00049C13 /* AppViewModel.swift */; };
/* End PBXBuildFile section */

/* Begin PBXContainerItemProxy section */
		18667DA9273C087300F13E4D /* PBXContainerItemProxy */ = {
			isa = PBXContainerItemProxy;
			containerPortal = 18EC261D2719BFDE00049C13 /* Project object */;
			proxyType = 1;
			remoteGlobalIDString = 18667D9B273C087300F13E4D;
			remoteInfo = "Yield Quick Look";
		};
/* End PBXContainerItemProxy section */

/* Begin PBXCopyFilesBuildPhase section */
		18667DAF273C087300F13E4D /* Embed App Extensions */ = {
			isa = PBXCopyFilesBuildPhase;
			buildActionMask = 2147483647;
			dstPath = "";
			dstSubfolderSpec = 13;
			files = (
				18667DAB273C087300F13E4D /* Yield Quick Look.appex in Embed App Extensions */,
			);
			name = "Embed App Extensions";
			runOnlyForDeploymentPostprocessing = 0;
		};
/* End PBXCopyFilesBuildPhase section */

/* Begin PBXFileReference section */
		18184641273D103B0043BF26 /* Model.swift */ = {isa = PBXFileReference; lastKnownFileType = sourcecode.swift; path = Model.swift; sourceTree = "<group>"; };
		1827F1272725706F0030B099 /* Prototype.swift */ = {isa = PBXFileReference; lastKnownFileType = sourcecode.swift; path = Prototype.swift; sourceTree = "<group>"; };
		1827F1292725717B0030B099 /* MonoEdge.swift */ = {isa = PBXFileReference; lastKnownFileType = sourcecode.swift; path = MonoEdge.swift; sourceTree = "<group>"; };
		182B4EF5272ED3FA0081C6BF /* MonoTilesetExportOperation.swift */ = {isa = PBXFileReference; lastKnownFileType = sourcecode.swift; path = MonoTilesetExportOperation.swift; sourceTree = "<group>"; };
		182B4EF7272ED4010081C6BF /* DuoTilesetExportOperation.swift */ = {isa = PBXFileReference; lastKnownFileType = sourcecode.swift; path = DuoTilesetExportOperation.swift; sourceTree = "<group>"; };
		182B4EF9272ED40A0081C6BF /* TriTilesetExportOperation.swift */ = {isa = PBXFileReference; lastKnownFileType = sourcecode.swift; path = TriTilesetExportOperation.swift; sourceTree = "<group>"; };
		182B4EFB272ED4130081C6BF /* TetraTilesetExportOperation.swift */ = {isa = PBXFileReference; lastKnownFileType = sourcecode.swift; path = TetraTilesetExportOperation.swift; sourceTree = "<group>"; };
		182B4EFD272ED4A50081C6BF /* EditorTile.swift */ = {isa = PBXFileReference; lastKnownFileType = sourcecode.swift; path = EditorTile.swift; sourceTree = "<group>"; };
		182B4EFF272ED4E10081C6BF /* TilesetTile.swift */ = {isa = PBXFileReference; lastKnownFileType = sourcecode.swift; path = TilesetTile.swift; sourceTree = "<group>"; };
		182B4F062731294C0081C6BF /* PrototypeTileExportOperation.swift */ = {isa = PBXFileReference; lastKnownFileType = sourcecode.swift; path = PrototypeTileExportOperation.swift; sourceTree = "<group>"; };
		182B4F0827312B7B0081C6BF /* DuoPlateau.swift */ = {isa = PBXFileReference; lastKnownFileType = sourcecode.swift; path = DuoPlateau.swift; sourceTree = "<group>"; };
		182B4F0A27328B020081C6BF /* TileType.swift */ = {isa = PBXFileReference; lastKnownFileType = sourcecode.swift; path = TileType.swift; sourceTree = "<group>"; };
		182B4F0C273297980081C6BF /* SocketConfig.swift */ = {isa = PBXFileReference; lastKnownFileType = sourcecode.swift; path = SocketConfig.swift; sourceTree = "<group>"; };
		182B4F0F2732AAB30081C6BF /* SocketConfigView.swift */ = {isa = PBXFileReference; lastKnownFileType = sourcecode.swift; path = SocketConfigView.swift; sourceTree = "<group>"; };
		182B4F112733CA410081C6BF /* SurfaceGrid.swift */ = {isa = PBXFileReference; lastKnownFileType = sourcecode.swift; path = SurfaceGrid.swift; sourceTree = "<group>"; };
		182B4F132733DD8E0081C6BF /* StraightLine.swift */ = {isa = PBXFileReference; lastKnownFileType = sourcecode.swift; path = StraightLine.swift; sourceTree = "<group>"; };
		182B4F152733DECF0081C6BF /* Inset.swift */ = {isa = PBXFileReference; lastKnownFileType = sourcecode.swift; path = Inset.swift; sourceTree = "<group>"; };
		182BE625272ED0A0008A160F /* WriteOperation.swift */ = {isa = PBXFileReference; fileEncoding = 4; lastKnownFileType = sourcecode.swift; path = WriteOperation.swift; sourceTree = "<group>"; };
		182BE627272ED14F008A160F /* TilesetExportOperation.swift */ = {isa = PBXFileReference; lastKnownFileType = sourcecode.swift; path = TilesetExportOperation.swift; sourceTree = "<group>"; };
		184D204527479B07005256A7 /* OrdinalPattern.swift */ = {isa = PBXFileReference; lastKnownFileType = sourcecode.swift; path = OrdinalPattern.swift; sourceTree = "<group>"; };
		18643045271DACBB003575D4 /* Tile.swift */ = {isa = PBXFileReference; lastKnownFileType = sourcecode.swift; path = Tile.swift; sourceTree = "<group>"; };
		18667D8827390E4400F13E4D /* ScallopedEdge.swift */ = {isa = PBXFileReference; lastKnownFileType = sourcecode.swift; path = ScallopedEdge.swift; sourceTree = "<group>"; };
		18667D90273A7B0400F13E4D /* TriEdge.swift */ = {isa = PBXFileReference; lastKnownFileType = sourcecode.swift; path = TriEdge.swift; sourceTree = "<group>"; };
		18667D92273A7C8000F13E4D /* TetraPlateau.swift */ = {isa = PBXFileReference; lastKnownFileType = sourcecode.swift; path = TetraPlateau.swift; sourceTree = "<group>"; };
		18667D94273A993600F13E4D /* AdjacentInnerCorner.swift */ = {isa = PBXFileReference; lastKnownFileType = sourcecode.swift; path = AdjacentInnerCorner.swift; sourceTree = "<group>"; };
		18667D96273AB11400F13E4D /* AdjacentGroove.swift */ = {isa = PBXFileReference; lastKnownFileType = sourcecode.swift; path = AdjacentGroove.swift; sourceTree = "<group>"; };
		18667D9C273C087300F13E4D /* Yield Quick Look.appex */ = {isa = PBXFileReference; explicitFileType = "wrapper.app-extension"; includeInIndex = 0; path = "Yield Quick Look.appex"; sourceTree = BUILT_PRODUCTS_DIR; };
		18667D9D273C087300F13E4D /* Quartz.framework */ = {isa = PBXFileReference; lastKnownFileType = wrapper.framework; name = Quartz.framework; path = System/Library/Frameworks/Quartz.framework; sourceTree = SDKROOT; };
		18667DA0273C087300F13E4D /* PreviewViewController.swift */ = {isa = PBXFileReference; lastKnownFileType = sourcecode.swift; path = PreviewViewController.swift; sourceTree = "<group>"; };
		18667DA2273C087300F13E4D /* PreviewProvider.swift */ = {isa = PBXFileReference; lastKnownFileType = sourcecode.swift; path = PreviewProvider.swift; sourceTree = "<group>"; };
		18667DA5273C087300F13E4D /* Base */ = {isa = PBXFileReference; lastKnownFileType = file.xib; name = Base; path = Base.lproj/PreviewViewController.xib; sourceTree = "<group>"; };
		18667DA7273C087300F13E4D /* Info.plist */ = {isa = PBXFileReference; lastKnownFileType = text.plist.xml; path = Info.plist; sourceTree = "<group>"; };
		18667DA8273C087300F13E4D /* Yield_Quick_Look.entitlements */ = {isa = PBXFileReference; lastKnownFileType = text.plist.entitlements; path = Yield_Quick_Look.entitlements; sourceTree = "<group>"; };
		186B7D2C27298CBE001731C2 /* Surface.swift */ = {isa = PBXFileReference; lastKnownFileType = sourcecode.swift; path = Surface.swift; sourceTree = "<group>"; };
		186B7D2F27298CE6001731C2 /* SurfaceMaterial.swift */ = {isa = PBXFileReference; lastKnownFileType = sourcecode.swift; path = SurfaceMaterial.swift; sourceTree = "<group>"; };
		186B7D3127298E8E001731C2 /* Volume.swift */ = {isa = PBXFileReference; lastKnownFileType = sourcecode.swift; path = Volume.swift; sourceTree = "<group>"; };
		186B7D3727299547001731C2 /* ColorPalette.swift */ = {isa = PBXFileReference; lastKnownFileType = sourcecode.swift; path = ColorPalette.swift; sourceTree = "<group>"; };
		186B7D3A272A7FC4001731C2 /* CornerBiscuit.swift */ = {isa = PBXFileReference; lastKnownFileType = sourcecode.swift; path = CornerBiscuit.swift; sourceTree = "<group>"; };
		186B7D3C272A8295001731C2 /* WobblyLine.swift */ = {isa = PBXFileReference; lastKnownFileType = sourcecode.swift; path = WobblyLine.swift; sourceTree = "<group>"; };
		186B7D3E272AAE3E001731C2 /* MonoInnerCorner.swift */ = {isa = PBXFileReference; lastKnownFileType = sourcecode.swift; path = MonoInnerCorner.swift; sourceTree = "<group>"; };
		186B7D40272AAE5C001731C2 /* MonoOuterCorner.swift */ = {isa = PBXFileReference; lastKnownFileType = sourcecode.swift; path = MonoOuterCorner.swift; sourceTree = "<group>"; };
		186B7D42272AB0AC001731C2 /* BiscuitStyle.swift */ = {isa = PBXFileReference; lastKnownFileType = sourcecode.swift; path = BiscuitStyle.swift; sourceTree = "<group>"; };
		186B7D49272ADBF0001731C2 /* PrototypeToolView.swift */ = {isa = PBXFileReference; lastKnownFileType = sourcecode.swift; path = PrototypeToolView.swift; sourceTree = "<group>"; };
		186B7D4B272AE33D001731C2 /* EdgeBiscuit.swift */ = {isa = PBXFileReference; lastKnownFileType = sourcecode.swift; path = EdgeBiscuit.swift; sourceTree = "<group>"; };
		186B7D4D272BDCB9001731C2 /* GrooveBiscuit.swift */ = {isa = PBXFileReference; lastKnownFileType = sourcecode.swift; path = GrooveBiscuit.swift; sourceTree = "<group>"; };
		186B7D4F272BDD1E001731C2 /* MonoGroove.swift */ = {isa = PBXFileReference; lastKnownFileType = sourcecode.swift; path = MonoGroove.swift; sourceTree = "<group>"; };
		186B7D55272D5E57001731C2 /* WireframeNode.swift */ = {isa = PBXFileReference; lastKnownFileType = sourcecode.swift; path = WireframeNode.swift; sourceTree = "<group>"; };
		186B7D57272D5E6E001731C2 /* SocketNode.swift */ = {isa = PBXFileReference; lastKnownFileType = sourcecode.swift; path = SocketNode.swift; sourceTree = "<group>"; };
		187213CB272149D500FAC4E0 /* EditorViewModel.swift */ = {isa = PBXFileReference; lastKnownFileType = sourcecode.swift; path = EditorViewModel.swift; sourceTree = "<group>"; };
		187213CD27214B3400FAC4E0 /* SurfaceSockets.swift */ = {isa = PBXFileReference; lastKnownFileType = sourcecode.swift; path = SurfaceSockets.swift; sourceTree = "<group>"; };
		187213CF27214BBC00FAC4E0 /* SocketView.swift */ = {isa = PBXFileReference; lastKnownFileType = sourcecode.swift; path = SocketView.swift; sourceTree = "<group>"; };
		18808E272747954B00A9B019 /* Harvest */ = {isa = PBXFileReference; lastKnownFileType = folder; name = Harvest; path = ../Harvest; sourceTree = "<group>"; };
		189F0EB3271B1B680077B81D /* Tileset.swift */ = {isa = PBXFileReference; lastKnownFileType = sourcecode.swift; path = Tileset.swift; sourceTree = "<group>"; };
		18AE8C08272D778700E21E7F /* SocketSet.swift */ = {isa = PBXFileReference; lastKnownFileType = sourcecode.swift; path = SocketSet.swift; sourceTree = "<group>"; };
		18B007AA27369DF000E2C905 /* TriGroove.swift */ = {isa = PBXFileReference; lastKnownFileType = sourcecode.swift; path = TriGroove.swift; sourceTree = "<group>"; };
		18B007AC27369E0400E2C905 /* DuoInnerCorner.swift */ = {isa = PBXFileReference; lastKnownFileType = sourcecode.swift; path = DuoInnerCorner.swift; sourceTree = "<group>"; };
		18B007AE27369E0C00E2C905 /* DuoOuterCorner.swift */ = {isa = PBXFileReference; lastKnownFileType = sourcecode.swift; path = DuoOuterCorner.swift; sourceTree = "<group>"; };
		18B007B02737E66C00E2C905 /* AdjacentEdge.swift */ = {isa = PBXFileReference; lastKnownFileType = sourcecode.swift; path = AdjacentEdge.swift; sourceTree = "<group>"; };
		18B007B22737EBDF00E2C905 /* AdjacentOuterCorner.swift */ = {isa = PBXFileReference; lastKnownFileType = sourcecode.swift; path = AdjacentOuterCorner.swift; sourceTree = "<group>"; };
		18B1960827269A4200FBF50D /* MonoPlateau.swift */ = {isa = PBXFileReference; lastKnownFileType = sourcecode.swift; path = MonoPlateau.swift; sourceTree = "<group>"; };
		18B1960B2726A06C00FBF50D /* EditorScene.swift */ = {isa = PBXFileReference; lastKnownFileType = sourcecode.swift; path = EditorScene.swift; sourceTree = "<group>"; };
		18D31AD32719C9F5006312BF /* ToolView.swift */ = {isa = PBXFileReference; lastKnownFileType = sourcecode.swift; path = ToolView.swift; sourceTree = "<group>"; };
		18D31AD52719C9FC006312BF /* EditorView.swift */ = {isa = PBXFileReference; lastKnownFileType = sourcecode.swift; path = EditorView.swift; sourceTree = "<group>"; };
		18D31AD82719CC74006312BF /* ToolPropertyGroup.swift */ = {isa = PBXFileReference; fileEncoding = 4; lastKnownFileType = sourcecode.swift; path = ToolPropertyGroup.swift; sourceTree = "<group>"; };
		18D31AD92719CC74006312BF /* ToolPropertySection.swift */ = {isa = PBXFileReference; fileEncoding = 4; lastKnownFileType = sourcecode.swift; path = ToolPropertySection.swift; sourceTree = "<group>"; };
		18D31ADA2719CC74006312BF /* ToolPropertyView.swift */ = {isa = PBXFileReference; fileEncoding = 4; lastKnownFileType = sourcecode.swift; path = ToolPropertyView.swift; sourceTree = "<group>"; };
		18D31ADF2719CCB3006312BF /* ToolPropertyGroupModel.swift */ = {isa = PBXFileReference; fileEncoding = 4; lastKnownFileType = sourcecode.swift; path = ToolPropertyGroupModel.swift; sourceTree = "<group>"; };
		18D31AE22719CCD6006312BF /* BadgeModel.swift */ = {isa = PBXFileReference; fileEncoding = 4; lastKnownFileType = sourcecode.swift; path = BadgeModel.swift; sourceTree = "<group>"; };
		18D31AE52719CCE0006312BF /* BadgeView.swift */ = {isa = PBXFileReference; fileEncoding = 4; lastKnownFileType = sourcecode.swift; path = BadgeView.swift; sourceTree = "<group>"; };
		18EC26252719BFDE00049C13 /* Yield.app */ = {isa = PBXFileReference; explicitFileType = wrapper.application; includeInIndex = 0; path = Yield.app; sourceTree = BUILT_PRODUCTS_DIR; };
		18EC26282719BFDE00049C13 /* YieldApp.swift */ = {isa = PBXFileReference; lastKnownFileType = sourcecode.swift; path = YieldApp.swift; sourceTree = "<group>"; };
		18EC262C2719BFDF00049C13 /* AppView.swift */ = {isa = PBXFileReference; lastKnownFileType = sourcecode.swift; path = AppView.swift; sourceTree = "<group>"; };
		18EC262E2719BFE000049C13 /* Assets.xcassets */ = {isa = PBXFileReference; lastKnownFileType = folder.assetcatalog; path = Assets.xcassets; sourceTree = "<group>"; };
		18EC26332719BFE000049C13 /* Info.plist */ = {isa = PBXFileReference; lastKnownFileType = text.plist.xml; path = Info.plist; sourceTree = "<group>"; };
		18EC26342719BFE000049C13 /* Yield.entitlements */ = {isa = PBXFileReference; lastKnownFileType = text.plist.entitlements; path = Yield.entitlements; sourceTree = "<group>"; };
		18EC263C2719C05C00049C13 /* AppViewModel.swift */ = {isa = PBXFileReference; lastKnownFileType = sourcecode.swift; path = AppViewModel.swift; sourceTree = "<group>"; };
/* End PBXFileReference section */

/* Begin PBXFrameworksBuildPhase section */
		18667D99273C087300F13E4D /* Frameworks */ = {
			isa = PBXFrameworksBuildPhase;
			buildActionMask = 2147483647;
			files = (
				18808E2B2747956000A9B019 /* Harvest in Frameworks */,
				18667D9E273C087300F13E4D /* Quartz.framework in Frameworks */,
			);
			runOnlyForDeploymentPostprocessing = 0;
		};
		18EC26222719BFDE00049C13 /* Frameworks */ = {
			isa = PBXFrameworksBuildPhase;
			buildActionMask = 2147483647;
			files = (
				18808E292747955800A9B019 /* Harvest in Frameworks */,
			);
			runOnlyForDeploymentPostprocessing = 0;
		};
/* End PBXFrameworksBuildPhase section */

/* Begin PBXGroup section */
		1818463D273D0F7F0043BF26 /* Sockets */ = {
			isa = PBXGroup;
			children = (
				182B4F0C273297980081C6BF /* SocketConfig.swift */,
			);
			path = Sockets;
			sourceTree = "<group>";
		};
		1818463E273D0F900043BF26 /* Tileset */ = {
			isa = PBXGroup;
			children = (
				189F0EB3271B1B680077B81D /* Tileset.swift */,
				182B4EFF272ED4E10081C6BF /* TilesetTile.swift */,
			);
			path = Tileset;
			sourceTree = "<group>";
		};
		1818463F273D0FA20043BF26 /* Editor */ = {
			isa = PBXGroup;
			children = (
				18643045271DACBB003575D4 /* Tile.swift */,
				182B4EFD272ED4A50081C6BF /* EditorTile.swift */,
				182B4F0A27328B020081C6BF /* TileType.swift */,
			);
			path = Editor;
			sourceTree = "<group>";
		};
		18184640273D10300043BF26 /* Model */ = {
			isa = PBXGroup;
			children = (
				18184641273D103B0043BF26 /* Model.swift */,
			);
			path = Model;
			sourceTree = "<group>";
		};
		1827F126272570640030B099 /* Prototypes */ = {
			isa = PBXGroup;
			children = (
				186B7D39272A7FB7001731C2 /* Biscuits */,
				186B7D3727299547001731C2 /* ColorPalette.swift */,
				1827F1272725706F0030B099 /* Prototype.swift */,
				186B7D2C27298CBE001731C2 /* Surface.swift */,
				186B7D2E27298CC4001731C2 /* Tiles */,
				186B7D3127298E8E001731C2 /* Volume.swift */,
				186B7D3C272A8295001731C2 /* WobblyLine.swift */,
				182B4F132733DD8E0081C6BF /* StraightLine.swift */,
				182B4F152733DECF0081C6BF /* Inset.swift */,
				182B4F112733CA410081C6BF /* SurfaceGrid.swift */,
			);
			path = Prototypes;
			sourceTree = "<group>";
		};
		182B4F02273046BA0081C6BF /* Mono */ = {
			isa = PBXGroup;
			children = (
				18B007B22737EBDF00E2C905 /* AdjacentOuterCorner.swift */,
				18B007B02737E66C00E2C905 /* AdjacentEdge.swift */,
				18667D8827390E4400F13E4D /* ScallopedEdge.swift */,
				1827F1292725717B0030B099 /* MonoEdge.swift */,
				186B7D4F272BDD1E001731C2 /* MonoGroove.swift */,
				186B7D3E272AAE3E001731C2 /* MonoInnerCorner.swift */,
				186B7D40272AAE5C001731C2 /* MonoOuterCorner.swift */,
				18B1960827269A4200FBF50D /* MonoPlateau.swift */,
				18667D94273A993600F13E4D /* AdjacentInnerCorner.swift */,
				18667D96273AB11400F13E4D /* AdjacentGroove.swift */,
			);
			path = Mono;
			sourceTree = "<group>";
		};
		182B4F03273046BF0081C6BF /* Duo */ = {
			isa = PBXGroup;
			children = (
				182B4F0827312B7B0081C6BF /* DuoPlateau.swift */,
				18B007AC27369E0400E2C905 /* DuoInnerCorner.swift */,
				18B007AE27369E0C00E2C905 /* DuoOuterCorner.swift */,
			);
			path = Duo;
			sourceTree = "<group>";
		};
		182B4F04273046C40081C6BF /* Tri */ = {
			isa = PBXGroup;
			children = (
				18B007AA27369DF000E2C905 /* TriGroove.swift */,
				18667D90273A7B0400F13E4D /* TriEdge.swift */,
			);
			path = Tri;
			sourceTree = "<group>";
		};
		182B4F05273046C80081C6BF /* Tetra */ = {
			isa = PBXGroup;
			children = (
				18667D92273A7C8000F13E4D /* TetraPlateau.swift */,
			);
			path = Tetra;
			sourceTree = "<group>";
		};
		182B4F0E273299B90081C6BF /* Tools */ = {
			isa = PBXGroup;
			children = (
				18D31AD32719C9F5006312BF /* ToolView.swift */,
				182B4F0F2732AAB30081C6BF /* SocketConfigView.swift */,
			);
			path = Tools;
			sourceTree = "<group>";
		};
		182BE624272ED096008A160F /* Operations */ = {
			isa = PBXGroup;
			children = (
				182BE625272ED0A0008A160F /* WriteOperation.swift */,
				182BE627272ED14F008A160F /* TilesetExportOperation.swift */,
				182B4EF5272ED3FA0081C6BF /* MonoTilesetExportOperation.swift */,
				182B4EF7272ED4010081C6BF /* DuoTilesetExportOperation.swift */,
				182B4EF9272ED40A0081C6BF /* TriTilesetExportOperation.swift */,
				182B4EFB272ED4130081C6BF /* TetraTilesetExportOperation.swift */,
				182B4F062731294C0081C6BF /* PrototypeTileExportOperation.swift */,
			);
			path = Operations;
			sourceTree = "<group>";
		};
		18667D9F273C087300F13E4D /* Yield Quick Look */ = {
			isa = PBXGroup;
			children = (
				18667DB0273C08CE00F13E4D /* View Controllers */,
				18667DA2273C087300F13E4D /* PreviewProvider.swift */,
				18667DA7273C087300F13E4D /* Info.plist */,
				18667DA8273C087300F13E4D /* Yield_Quick_Look.entitlements */,
			);
			path = "Yield Quick Look";
			sourceTree = "<group>";
		};
		18667DB0273C08CE00F13E4D /* View Controllers */ = {
			isa = PBXGroup;
			children = (
				18667DA0273C087300F13E4D /* PreviewViewController.swift */,
				18667DA4273C087300F13E4D /* PreviewViewController.xib */,
			);
			path = "View Controllers";
			sourceTree = "<group>";
		};
		186B7D2E27298CC4001731C2 /* Tiles */ = {
			isa = PBXGroup;
			children = (
				182B4F05273046C80081C6BF /* Tetra */,
				182B4F04273046C40081C6BF /* Tri */,
				182B4F03273046BF0081C6BF /* Duo */,
				182B4F02273046BA0081C6BF /* Mono */,
			);
			path = Tiles;
			sourceTree = "<group>";
		};
		186B7D39272A7FB7001731C2 /* Biscuits */ = {
			isa = PBXGroup;
			children = (
				186B7D42272AB0AC001731C2 /* BiscuitStyle.swift */,
				186B7D3A272A7FC4001731C2 /* CornerBiscuit.swift */,
				186B7D4B272AE33D001731C2 /* EdgeBiscuit.swift */,
				186B7D4D272BDCB9001731C2 /* GrooveBiscuit.swift */,
			);
			path = Biscuits;
			sourceTree = "<group>";
		};
		186B7D44272ADB01001731C2 /* Prototypes */ = {
			isa = PBXGroup;
			children = (
				186B7D49272ADBF0001731C2 /* PrototypeToolView.swift */,
			);
			path = Prototypes;
			sourceTree = "<group>";
		};
		187213CA272149C800FAC4E0 /* Editor */ = {
			isa = PBXGroup;
			children = (
				187213CB272149D500FAC4E0 /* EditorViewModel.swift */,
			);
			path = Editor;
			sourceTree = "<group>";
		};
		18808E2C27479A1900A9B019 /* Extensions */ = {
			isa = PBXGroup;
			children = (
				187213CD27214B3400FAC4E0 /* SurfaceSockets.swift */,
				184D204527479B07005256A7 /* OrdinalPattern.swift */,
			);
			path = Extensions;
			sourceTree = "<group>";
		};
		189F0EB2271B1B550077B81D /* Tileset */ = {
			isa = PBXGroup;
			children = (
				18184640273D10300043BF26 /* Model */,
				1818463F273D0FA20043BF26 /* Editor */,
				1818463E273D0F900043BF26 /* Tileset */,
				1818463D273D0F7F0043BF26 /* Sockets */,
				186B7D2F27298CE6001731C2 /* SurfaceMaterial.swift */,
			);
			path = Tileset;
			sourceTree = "<group>";
		};
		18B196052725740B00FBF50D /* Frameworks */ = {
			isa = PBXGroup;
			children = (
				18667D9D273C087300F13E4D /* Quartz.framework */,
			);
			name = Frameworks;
			sourceTree = "<group>";
		};
		18B1960A2726A05F00FBF50D /* Scene */ = {
			isa = PBXGroup;
			children = (
				18B1960B2726A06C00FBF50D /* EditorScene.swift */,
				186B7D55272D5E57001731C2 /* WireframeNode.swift */,
				186B7D57272D5E6E001731C2 /* SocketNode.swift */,
				18AE8C08272D778700E21E7F /* SocketSet.swift */,
			);
			path = Scene;
			sourceTree = "<group>";
		};
		18D31AD72719CC74006312BF /* Tool Properties */ = {
			isa = PBXGroup;
			children = (
				18D31AD82719CC74006312BF /* ToolPropertyGroup.swift */,
				18D31AD92719CC74006312BF /* ToolPropertySection.swift */,
				18D31ADA2719CC74006312BF /* ToolPropertyView.swift */,
			);
			path = "Tool Properties";
			sourceTree = "<group>";
		};
		18D31ADE2719CCAB006312BF /* Tools */ = {
			isa = PBXGroup;
			children = (
				18D31ADF2719CCB3006312BF /* ToolPropertyGroupModel.swift */,
			);
			path = Tools;
			sourceTree = "<group>";
		};
		18D31AE12719CCD6006312BF /* Badge */ = {
			isa = PBXGroup;
			children = (
				18D31AE22719CCD6006312BF /* BadgeModel.swift */,
			);
			path = Badge;
			sourceTree = "<group>";
		};
		18D31AE42719CCE0006312BF /* Badge */ = {
			isa = PBXGroup;
			children = (
				18D31AE52719CCE0006312BF /* BadgeView.swift */,
			);
			path = Badge;
			sourceTree = "<group>";
		};
		18EC261C2719BFDE00049C13 = {
			isa = PBXGroup;
			children = (
				18808E272747954B00A9B019 /* Harvest */,
				18EC26272719BFDE00049C13 /* Yield */,
				18667D9F273C087300F13E4D /* Yield Quick Look */,
				18EC26262719BFDE00049C13 /* Products */,
				18B196052725740B00FBF50D /* Frameworks */,
			);
			sourceTree = "<group>";
		};
		18EC26262719BFDE00049C13 /* Products */ = {
			isa = PBXGroup;
			children = (
				18EC26252719BFDE00049C13 /* Yield.app */,
				18667D9C273C087300F13E4D /* Yield Quick Look.appex */,
			);
			name = Products;
			sourceTree = "<group>";
		};
		18EC26272719BFDE00049C13 /* Yield */ = {
			isa = PBXGroup;
			children = (
				18EC262E2719BFE000049C13 /* Assets.xcassets */,
				18808E2C27479A1900A9B019 /* Extensions */,
				18EC26332719BFE000049C13 /* Info.plist */,
				182BE624272ED096008A160F /* Operations */,
				1827F126272570640030B099 /* Prototypes */,
				18B1960A2726A05F00FBF50D /* Scene */,
				189F0EB2271B1B550077B81D /* Tileset */,
				18EC263B2719BFEA00049C13 /* View Models */,
				18EC263A2719BFE600049C13 /* Views */,
				18EC26342719BFE000049C13 /* Yield.entitlements */,
				18EC26282719BFDE00049C13 /* YieldApp.swift */,
			);
			path = Yield;
			sourceTree = "<group>";
		};
		18EC263A2719BFE600049C13 /* Views */ = {
			isa = PBXGroup;
			children = (
				182B4F0E273299B90081C6BF /* Tools */,
				18EC262C2719BFDF00049C13 /* AppView.swift */,
				18D31AE42719CCE0006312BF /* Badge */,
				18D31AD52719C9FC006312BF /* EditorView.swift */,
				186B7D44272ADB01001731C2 /* Prototypes */,
				187213CF27214BBC00FAC4E0 /* SocketView.swift */,
				18D31AD72719CC74006312BF /* Tool Properties */,
			);
			path = Views;
			sourceTree = "<group>";
		};
		18EC263B2719BFEA00049C13 /* View Models */ = {
			isa = PBXGroup;
			children = (
				187213CA272149C800FAC4E0 /* Editor */,
				18D31AE12719CCD6006312BF /* Badge */,
				18D31ADE2719CCAB006312BF /* Tools */,
				18EC263C2719C05C00049C13 /* AppViewModel.swift */,
			);
			path = "View Models";
			sourceTree = "<group>";
		};
/* End PBXGroup section */

/* Begin PBXNativeTarget section */
		18667D9B273C087300F13E4D /* Yield Quick Look */ = {
			isa = PBXNativeTarget;
			buildConfigurationList = 18667DAC273C087300F13E4D /* Build configuration list for PBXNativeTarget "Yield Quick Look" */;
			buildPhases = (
				18667D98273C087300F13E4D /* Sources */,
				18667D99273C087300F13E4D /* Frameworks */,
				18667D9A273C087300F13E4D /* Resources */,
			);
			buildRules = (
			);
			dependencies = (
			);
			name = "Yield Quick Look";
			packageProductDependencies = (
				18808E2A2747956000A9B019 /* Harvest */,
			);
			productName = "Yield Quick Look";
			productReference = 18667D9C273C087300F13E4D /* Yield Quick Look.appex */;
			productType = "com.apple.product-type.app-extension";
		};
		18EC26242719BFDE00049C13 /* Yield */ = {
			isa = PBXNativeTarget;
			buildConfigurationList = 18EC26372719BFE000049C13 /* Build configuration list for PBXNativeTarget "Yield" */;
			buildPhases = (
				18EC26212719BFDE00049C13 /* Sources */,
				18EC26222719BFDE00049C13 /* Frameworks */,
				18EC26232719BFDE00049C13 /* Resources */,
				18667DAF273C087300F13E4D /* Embed App Extensions */,
			);
			buildRules = (
			);
			dependencies = (
				18667DAA273C087300F13E4D /* PBXTargetDependency */,
			);
			name = Yield;
			packageProductDependencies = (
				18808E282747955800A9B019 /* Harvest */,
			);
			productName = Yield;
			productReference = 18EC26252719BFDE00049C13 /* Yield.app */;
			productType = "com.apple.product-type.application";
		};
/* End PBXNativeTarget section */

/* Begin PBXProject section */
		18EC261D2719BFDE00049C13 /* Project object */ = {
			isa = PBXProject;
			attributes = {
				BuildIndependentTargetsInParallel = 1;
				LastSwiftUpdateCheck = 1310;
				LastUpgradeCheck = 1310;
				TargetAttributes = {
					18667D9B273C087300F13E4D = {
						CreatedOnToolsVersion = 13.1;
					};
					18EC26242719BFDE00049C13 = {
						CreatedOnToolsVersion = 13.0;
					};
				};
			};
			buildConfigurationList = 18EC26202719BFDE00049C13 /* Build configuration list for PBXProject "Yield" */;
			compatibilityVersion = "Xcode 13.0";
			developmentRegion = en;
			hasScannedForEncodings = 0;
			knownRegions = (
				en,
				Base,
			);
			mainGroup = 18EC261C2719BFDE00049C13;
			productRefGroup = 18EC26262719BFDE00049C13 /* Products */;
			projectDirPath = "";
			projectRoot = "";
			targets = (
				18EC26242719BFDE00049C13 /* Yield */,
				18667D9B273C087300F13E4D /* Yield Quick Look */,
			);
		};
/* End PBXProject section */

/* Begin PBXResourcesBuildPhase section */
		18667D9A273C087300F13E4D /* Resources */ = {
			isa = PBXResourcesBuildPhase;
			buildActionMask = 2147483647;
			files = (
				18667DA6273C087300F13E4D /* PreviewViewController.xib in Resources */,
			);
			runOnlyForDeploymentPostprocessing = 0;
		};
		18EC26232719BFDE00049C13 /* Resources */ = {
			isa = PBXResourcesBuildPhase;
			buildActionMask = 2147483647;
			files = (
				18EC262F2719BFE000049C13 /* Assets.xcassets in Resources */,
			);
			runOnlyForDeploymentPostprocessing = 0;
		};
/* End PBXResourcesBuildPhase section */

/* Begin PBXSourcesBuildPhase section */
		18667D98273C087300F13E4D /* Sources */ = {
			isa = PBXSourcesBuildPhase;
			buildActionMask = 2147483647;
			files = (
				184D204727479C78005256A7 /* OrdinalPattern.swift in Sources */,
				18184644273D10680043BF26 /* TilesetTile.swift in Sources */,
				18667DCA273C0AAB00F13E4D /* SurfaceSockets.swift in Sources */,
				18667DA1273C087300F13E4D /* PreviewViewController.swift in Sources */,
				18667DA3273C087300F13E4D /* PreviewProvider.swift in Sources */,
				18667DC8273C0A9D00F13E4D /* ColorPalette.swift in Sources */,
				18667DC6273C0A8800F13E4D /* SurfaceMaterial.swift in Sources */,
				18184643273D103B0043BF26 /* Model.swift in Sources */,
				18667DC5273C0A5500F13E4D /* SocketNode.swift in Sources */,
				18667DC4273C0A3A00F13E4D /* SocketSet.swift in Sources */,
				18667DC3273C0A3100F13E4D /* WireframeNode.swift in Sources */,
				18667DC2273C0A2600F13E4D /* EditorScene.swift in Sources */,
				18667DC7273C0A9500F13E4D /* Volume.swift in Sources */,
				18667DC9273C0AA400F13E4D /* Inset.swift in Sources */,
			);
			runOnlyForDeploymentPostprocessing = 0;
		};
		18EC26212719BFDE00049C13 /* Sources */ = {
			isa = PBXSourcesBuildPhase;
			buildActionMask = 2147483647;
			files = (
				18D31AE62719CCE0006312BF /* BadgeView.swift in Sources */,
				182BE628272ED14F008A160F /* TilesetExportOperation.swift in Sources */,
				186B7D2D27298CBE001731C2 /* Surface.swift in Sources */,
				18B1960C2726A06C00FBF50D /* EditorScene.swift in Sources */,
				182B4EF8272ED4010081C6BF /* DuoTilesetExportOperation.swift in Sources */,
				1827F12A2725717B0030B099 /* MonoEdge.swift in Sources */,
				18D31ADD2719CC74006312BF /* ToolPropertyView.swift in Sources */,
				182B4EF6272ED3FA0081C6BF /* MonoTilesetExportOperation.swift in Sources */,
				182B4EFE272ED4A50081C6BF /* EditorTile.swift in Sources */,
				18B007AD27369E0400E2C905 /* DuoInnerCorner.swift in Sources */,
				186B7D4A272ADBF0001731C2 /* PrototypeToolView.swift in Sources */,
				18643046271DACBB003575D4 /* Tile.swift in Sources */,
				186B7D3227298E8E001731C2 /* Volume.swift in Sources */,
				182B4F0D273297980081C6BF /* SocketConfig.swift in Sources */,
				187213CE27214B3400FAC4E0 /* SurfaceSockets.swift in Sources */,
				18D31AE02719CCB3006312BF /* ToolPropertyGroupModel.swift in Sources */,
				182B4F0927312B7B0081C6BF /* DuoPlateau.swift in Sources */,
				182B4F0B27328B020081C6BF /* TileType.swift in Sources */,
				18667D95273A993600F13E4D /* AdjacentInnerCorner.swift in Sources */,
				182B4F122733CA410081C6BF /* SurfaceGrid.swift in Sources */,
				189F0EB4271B1B680077B81D /* Tileset.swift in Sources */,
				182B4F142733DD8E0081C6BF /* StraightLine.swift in Sources */,
				18184642273D103B0043BF26 /* Model.swift in Sources */,
				186B7D3D272A8295001731C2 /* WobblyLine.swift in Sources */,
				186B7D58272D5E6E001731C2 /* SocketNode.swift in Sources */,
				186B7D3B272A7FC4001731C2 /* CornerBiscuit.swift in Sources */,
				182B4F072731294C0081C6BF /* PrototypeTileExportOperation.swift in Sources */,
				18B007AF27369E0C00E2C905 /* DuoOuterCorner.swift in Sources */,
				18EC26292719BFDE00049C13 /* YieldApp.swift in Sources */,
				186B7D56272D5E57001731C2 /* WireframeNode.swift in Sources */,
				186B7D4E272BDCB9001731C2 /* GrooveBiscuit.swift in Sources */,
				18667D93273A7C8000F13E4D /* TetraPlateau.swift in Sources */,
				18D31AD42719C9F5006312BF /* ToolView.swift in Sources */,
				18D31AD62719C9FC006312BF /* EditorView.swift in Sources */,
				18AE8C09272D778700E21E7F /* SocketSet.swift in Sources */,
				18667D91273A7B0400F13E4D /* TriEdge.swift in Sources */,
				186B7D3F272AAE3E001731C2 /* MonoInnerCorner.swift in Sources */,
				186B7D43272AB0AC001731C2 /* BiscuitStyle.swift in Sources */,
				186B7D3027298CE6001731C2 /* SurfaceMaterial.swift in Sources */,
				186B7D41272AAE5C001731C2 /* MonoOuterCorner.swift in Sources */,
				182B4F00272ED4E10081C6BF /* TilesetTile.swift in Sources */,
				18667D8927390E4400F13E4D /* ScallopedEdge.swift in Sources */,
				18D31AE32719CCD6006312BF /* BadgeModel.swift in Sources */,
				18D31ADC2719CC74006312BF /* ToolPropertySection.swift in Sources */,
				186B7D50272BDD1E001731C2 /* MonoGroove.swift in Sources */,
				182B4F102732AAB30081C6BF /* SocketConfigView.swift in Sources */,
				184D204627479B07005256A7 /* OrdinalPattern.swift in Sources */,
				182B4EFC272ED4130081C6BF /* TetraTilesetExportOperation.swift in Sources */,
				18D31ADB2719CC74006312BF /* ToolPropertyGroup.swift in Sources */,
				18B007B32737EBDF00E2C905 /* AdjacentOuterCorner.swift in Sources */,
				18B007AB27369DF000E2C905 /* TriGroove.swift in Sources */,
				18B1960927269A4200FBF50D /* MonoPlateau.swift in Sources */,
				186B7D3827299547001731C2 /* ColorPalette.swift in Sources */,
				186B7D4C272AE33D001731C2 /* EdgeBiscuit.swift in Sources */,
				18B007B12737E66C00E2C905 /* AdjacentEdge.swift in Sources */,
				187213CC272149D500FAC4E0 /* EditorViewModel.swift in Sources */,
				182BE626272ED0A0008A160F /* WriteOperation.swift in Sources */,
				182B4F162733DECF0081C6BF /* Inset.swift in Sources */,
				1827F1282725706F0030B099 /* Prototype.swift in Sources */,
				18667D97273AB11400F13E4D /* AdjacentGroove.swift in Sources */,
				18EC263D2719C05C00049C13 /* AppViewModel.swift in Sources */,
				18EC262D2719BFDF00049C13 /* AppView.swift in Sources */,
				182B4EFA272ED40A0081C6BF /* TriTilesetExportOperation.swift in Sources */,
				187213D027214BBC00FAC4E0 /* SocketView.swift in Sources */,
			);
			runOnlyForDeploymentPostprocessing = 0;
		};
/* End PBXSourcesBuildPhase section */

/* Begin PBXTargetDependency section */
		18667DAA273C087300F13E4D /* PBXTargetDependency */ = {
			isa = PBXTargetDependency;
			target = 18667D9B273C087300F13E4D /* Yield Quick Look */;
			targetProxy = 18667DA9273C087300F13E4D /* PBXContainerItemProxy */;
		};
/* End PBXTargetDependency section */

/* Begin PBXVariantGroup section */
		18667DA4273C087300F13E4D /* PreviewViewController.xib */ = {
			isa = PBXVariantGroup;
			children = (
				18667DA5273C087300F13E4D /* Base */,
			);
			name = PreviewViewController.xib;
			sourceTree = "<group>";
		};
/* End PBXVariantGroup section */

/* Begin XCBuildConfiguration section */
		18667DAD273C087300F13E4D /* Debug */ = {
			isa = XCBuildConfiguration;
			buildSettings = {
				CODE_SIGN_ENTITLEMENTS = "Yield Quick Look/Yield_Quick_Look.entitlements";
				CODE_SIGN_IDENTITY = "-";
				CODE_SIGN_STYLE = Automatic;
				CURRENT_PROJECT_VERSION = 1;
				GENERATE_INFOPLIST_FILE = YES;
				INFOPLIST_FILE = "Yield Quick Look/Info.plist";
				INFOPLIST_KEY_CFBundleDisplayName = "Yield Quick Look";
				INFOPLIST_KEY_NSHumanReadableCopyright = "";
				LD_RUNPATH_SEARCH_PATHS = (
					"$(inherited)",
					"@executable_path/../Frameworks",
					"@executable_path/../../../../Frameworks",
				);
				MACOSX_DEPLOYMENT_TARGET = 12.0;
				MARKETING_VERSION = 1.0;
				PRODUCT_BUNDLE_IDENTIFIER = "com.so.Yield.Yield-Quick-Look";
				PRODUCT_NAME = "$(TARGET_NAME)";
				SKIP_INSTALL = YES;
				SWIFT_EMIT_LOC_STRINGS = YES;
				SWIFT_VERSION = 5.0;
			};
			name = Debug;
		};
		18667DAE273C087300F13E4D /* Release */ = {
			isa = XCBuildConfiguration;
			buildSettings = {
				CODE_SIGN_ENTITLEMENTS = "Yield Quick Look/Yield_Quick_Look.entitlements";
				CODE_SIGN_IDENTITY = "-";
				CODE_SIGN_STYLE = Automatic;
				CURRENT_PROJECT_VERSION = 1;
				GENERATE_INFOPLIST_FILE = YES;
				INFOPLIST_FILE = "Yield Quick Look/Info.plist";
				INFOPLIST_KEY_CFBundleDisplayName = "Yield Quick Look";
				INFOPLIST_KEY_NSHumanReadableCopyright = "";
				LD_RUNPATH_SEARCH_PATHS = (
					"$(inherited)",
					"@executable_path/../Frameworks",
					"@executable_path/../../../../Frameworks",
				);
				MACOSX_DEPLOYMENT_TARGET = 12.0;
				MARKETING_VERSION = 1.0;
				PRODUCT_BUNDLE_IDENTIFIER = "com.so.Yield.Yield-Quick-Look";
				PRODUCT_NAME = "$(TARGET_NAME)";
				SKIP_INSTALL = YES;
				SWIFT_EMIT_LOC_STRINGS = YES;
				SWIFT_VERSION = 5.0;
			};
			name = Release;
		};
		18EC26352719BFE000049C13 /* Debug */ = {
			isa = XCBuildConfiguration;
			buildSettings = {
				ALWAYS_SEARCH_USER_PATHS = NO;
				CLANG_ANALYZER_NONNULL = YES;
				CLANG_ANALYZER_NUMBER_OBJECT_CONVERSION = YES_AGGRESSIVE;
				CLANG_CXX_LANGUAGE_STANDARD = "gnu++17";
				CLANG_CXX_LIBRARY = "libc++";
				CLANG_ENABLE_MODULES = YES;
				CLANG_ENABLE_OBJC_ARC = YES;
				CLANG_ENABLE_OBJC_WEAK = YES;
				CLANG_WARN_BLOCK_CAPTURE_AUTORELEASING = YES;
				CLANG_WARN_BOOL_CONVERSION = YES;
				CLANG_WARN_COMMA = YES;
				CLANG_WARN_CONSTANT_CONVERSION = YES;
				CLANG_WARN_DEPRECATED_OBJC_IMPLEMENTATIONS = YES;
				CLANG_WARN_DIRECT_OBJC_ISA_USAGE = YES_ERROR;
				CLANG_WARN_DOCUMENTATION_COMMENTS = YES;
				CLANG_WARN_EMPTY_BODY = YES;
				CLANG_WARN_ENUM_CONVERSION = YES;
				CLANG_WARN_INFINITE_RECURSION = YES;
				CLANG_WARN_INT_CONVERSION = YES;
				CLANG_WARN_NON_LITERAL_NULL_CONVERSION = YES;
				CLANG_WARN_OBJC_IMPLICIT_RETAIN_SELF = YES;
				CLANG_WARN_OBJC_LITERAL_CONVERSION = YES;
				CLANG_WARN_OBJC_ROOT_CLASS = YES_ERROR;
				CLANG_WARN_QUOTED_INCLUDE_IN_FRAMEWORK_HEADER = YES;
				CLANG_WARN_RANGE_LOOP_ANALYSIS = YES;
				CLANG_WARN_STRICT_PROTOTYPES = YES;
				CLANG_WARN_SUSPICIOUS_MOVE = YES;
				CLANG_WARN_UNGUARDED_AVAILABILITY = YES_AGGRESSIVE;
				CLANG_WARN_UNREACHABLE_CODE = YES;
				CLANG_WARN__DUPLICATE_METHOD_MATCH = YES;
				COPY_PHASE_STRIP = NO;
				DEBUG_INFORMATION_FORMAT = dwarf;
				ENABLE_STRICT_OBJC_MSGSEND = YES;
				ENABLE_TESTABILITY = YES;
				GCC_C_LANGUAGE_STANDARD = gnu11;
				GCC_DYNAMIC_NO_PIC = NO;
				GCC_NO_COMMON_BLOCKS = YES;
				GCC_OPTIMIZATION_LEVEL = 0;
				GCC_PREPROCESSOR_DEFINITIONS = (
					"DEBUG=1",
					"$(inherited)",
				);
				GCC_WARN_64_TO_32_BIT_CONVERSION = YES;
				GCC_WARN_ABOUT_RETURN_TYPE = YES_ERROR;
				GCC_WARN_UNDECLARED_SELECTOR = YES;
				GCC_WARN_UNINITIALIZED_AUTOS = YES_AGGRESSIVE;
				GCC_WARN_UNUSED_FUNCTION = YES;
				GCC_WARN_UNUSED_VARIABLE = YES;
				MACOSX_DEPLOYMENT_TARGET = 11.3;
				MTL_ENABLE_DEBUG_INFO = INCLUDE_SOURCE;
				MTL_FAST_MATH = YES;
				ONLY_ACTIVE_ARCH = YES;
				SDKROOT = macosx;
				SWIFT_ACTIVE_COMPILATION_CONDITIONS = DEBUG;
				SWIFT_OPTIMIZATION_LEVEL = "-Onone";
			};
			name = Debug;
		};
		18EC26362719BFE000049C13 /* Release */ = {
			isa = XCBuildConfiguration;
			buildSettings = {
				ALWAYS_SEARCH_USER_PATHS = NO;
				CLANG_ANALYZER_NONNULL = YES;
				CLANG_ANALYZER_NUMBER_OBJECT_CONVERSION = YES_AGGRESSIVE;
				CLANG_CXX_LANGUAGE_STANDARD = "gnu++17";
				CLANG_CXX_LIBRARY = "libc++";
				CLANG_ENABLE_MODULES = YES;
				CLANG_ENABLE_OBJC_ARC = YES;
				CLANG_ENABLE_OBJC_WEAK = YES;
				CLANG_WARN_BLOCK_CAPTURE_AUTORELEASING = YES;
				CLANG_WARN_BOOL_CONVERSION = YES;
				CLANG_WARN_COMMA = YES;
				CLANG_WARN_CONSTANT_CONVERSION = YES;
				CLANG_WARN_DEPRECATED_OBJC_IMPLEMENTATIONS = YES;
				CLANG_WARN_DIRECT_OBJC_ISA_USAGE = YES_ERROR;
				CLANG_WARN_DOCUMENTATION_COMMENTS = YES;
				CLANG_WARN_EMPTY_BODY = YES;
				CLANG_WARN_ENUM_CONVERSION = YES;
				CLANG_WARN_INFINITE_RECURSION = YES;
				CLANG_WARN_INT_CONVERSION = YES;
				CLANG_WARN_NON_LITERAL_NULL_CONVERSION = YES;
				CLANG_WARN_OBJC_IMPLICIT_RETAIN_SELF = YES;
				CLANG_WARN_OBJC_LITERAL_CONVERSION = YES;
				CLANG_WARN_OBJC_ROOT_CLASS = YES_ERROR;
				CLANG_WARN_QUOTED_INCLUDE_IN_FRAMEWORK_HEADER = YES;
				CLANG_WARN_RANGE_LOOP_ANALYSIS = YES;
				CLANG_WARN_STRICT_PROTOTYPES = YES;
				CLANG_WARN_SUSPICIOUS_MOVE = YES;
				CLANG_WARN_UNGUARDED_AVAILABILITY = YES_AGGRESSIVE;
				CLANG_WARN_UNREACHABLE_CODE = YES;
				CLANG_WARN__DUPLICATE_METHOD_MATCH = YES;
				COPY_PHASE_STRIP = NO;
				DEBUG_INFORMATION_FORMAT = "dwarf-with-dsym";
				ENABLE_NS_ASSERTIONS = NO;
				ENABLE_STRICT_OBJC_MSGSEND = YES;
				GCC_C_LANGUAGE_STANDARD = gnu11;
				GCC_NO_COMMON_BLOCKS = YES;
				GCC_WARN_64_TO_32_BIT_CONVERSION = YES;
				GCC_WARN_ABOUT_RETURN_TYPE = YES_ERROR;
				GCC_WARN_UNDECLARED_SELECTOR = YES;
				GCC_WARN_UNINITIALIZED_AUTOS = YES_AGGRESSIVE;
				GCC_WARN_UNUSED_FUNCTION = YES;
				GCC_WARN_UNUSED_VARIABLE = YES;
				MACOSX_DEPLOYMENT_TARGET = 11.3;
				MTL_ENABLE_DEBUG_INFO = NO;
				MTL_FAST_MATH = YES;
				SDKROOT = macosx;
				SWIFT_COMPILATION_MODE = wholemodule;
				SWIFT_OPTIMIZATION_LEVEL = "-O";
			};
			name = Release;
		};
		18EC26382719BFE000049C13 /* Debug */ = {
			isa = XCBuildConfiguration;
			buildSettings = {
				ALWAYS_EMBED_SWIFT_STANDARD_LIBRARIES = YES;
				ASSETCATALOG_COMPILER_APPICON_NAME = AppIcon;
				ASSETCATALOG_COMPILER_GLOBAL_ACCENT_COLOR_NAME = AccentColor;
				CODE_SIGN_ENTITLEMENTS = Yield/Yield.entitlements;
				CODE_SIGN_IDENTITY = "-";
				CODE_SIGN_STYLE = Automatic;
				COMBINE_HIDPI_IMAGES = YES;
				CURRENT_PROJECT_VERSION = 1;
				ENABLE_PREVIEWS = NO;
				GENERATE_INFOPLIST_FILE = YES;
				INFOPLIST_FILE = Yield/Info.plist;
				INFOPLIST_KEY_NSHumanReadableCopyright = "";
				LD_RUNPATH_SEARCH_PATHS = (
					"$(inherited)",
					"@executable_path/../Frameworks",
				);
				MACOSX_DEPLOYMENT_TARGET = 11.0;
				MARKETING_VERSION = 1.0;
				PRODUCT_BUNDLE_IDENTIFIER = com.so.Yield;
				PRODUCT_NAME = "$(TARGET_NAME)";
				SWIFT_EMIT_LOC_STRINGS = YES;
				SWIFT_VERSION = 5.0;
			};
			name = Debug;
		};
		18EC26392719BFE000049C13 /* Release */ = {
			isa = XCBuildConfiguration;
			buildSettings = {
				ALWAYS_EMBED_SWIFT_STANDARD_LIBRARIES = YES;
				ASSETCATALOG_COMPILER_APPICON_NAME = AppIcon;
				ASSETCATALOG_COMPILER_GLOBAL_ACCENT_COLOR_NAME = AccentColor;
				CODE_SIGN_ENTITLEMENTS = Yield/Yield.entitlements;
				CODE_SIGN_IDENTITY = "-";
				CODE_SIGN_STYLE = Automatic;
				COMBINE_HIDPI_IMAGES = YES;
				CURRENT_PROJECT_VERSION = 1;
				ENABLE_PREVIEWS = NO;
				GENERATE_INFOPLIST_FILE = YES;
				INFOPLIST_FILE = Yield/Info.plist;
				INFOPLIST_KEY_NSHumanReadableCopyright = "";
				LD_RUNPATH_SEARCH_PATHS = (
					"$(inherited)",
					"@executable_path/../Frameworks",
				);
				MACOSX_DEPLOYMENT_TARGET = 11.0;
				MARKETING_VERSION = 1.0;
				PRODUCT_BUNDLE_IDENTIFIER = com.so.Yield;
				PRODUCT_NAME = "$(TARGET_NAME)";
				SWIFT_EMIT_LOC_STRINGS = YES;
				SWIFT_VERSION = 5.0;
			};
			name = Release;
		};
/* End XCBuildConfiguration section */

/* Begin XCConfigurationList section */
		18667DAC273C087300F13E4D /* Build configuration list for PBXNativeTarget "Yield Quick Look" */ = {
			isa = XCConfigurationList;
			buildConfigurations = (
				18667DAD273C087300F13E4D /* Debug */,
				18667DAE273C087300F13E4D /* Release */,
			);
			defaultConfigurationIsVisible = 0;
			defaultConfigurationName = Release;
		};
		18EC26202719BFDE00049C13 /* Build configuration list for PBXProject "Yield" */ = {
			isa = XCConfigurationList;
			buildConfigurations = (
				18EC26352719BFE000049C13 /* Debug */,
				18EC26362719BFE000049C13 /* Release */,
			);
			defaultConfigurationIsVisible = 0;
			defaultConfigurationName = Release;
		};
		18EC26372719BFE000049C13 /* Build configuration list for PBXNativeTarget "Yield" */ = {
			isa = XCConfigurationList;
			buildConfigurations = (
				18EC26382719BFE000049C13 /* Debug */,
				18EC26392719BFE000049C13 /* Release */,
			);
			defaultConfigurationIsVisible = 0;
			defaultConfigurationName = Release;
		};
/* End XCConfigurationList section */

/* Begin XCSwiftPackageProductDependency section */
		18808E282747955800A9B019 /* Harvest */ = {
			isa = XCSwiftPackageProductDependency;
			productName = Harvest;
		};
		18808E2A2747956000A9B019 /* Harvest */ = {
			isa = XCSwiftPackageProductDependency;
			productName = Harvest;
		};
/* End XCSwiftPackageProductDependency section */
	};
	rootObject = 18EC261D2719BFDE00049C13 /* Project object */;
}
